{
  "name": "pgp",
  "version": "1.0.0",
  "lockfileVersion": 1,
  "requires": true,
  "dependencies": {
    "asn1.js": {
      "version": "5.4.1",
      "resolved": "https://artifactory.cathaypacific.com/artifactory/api/npm/npm-common/asn1.js/-/asn1.js-5.4.1.tgz",
      "integrity": "sha1-EamAuE67kXgc41sP3C7ilON4Pwc=",
      "requires": {
        "bn.js": "^4.0.0",
        "inherits": "^2.0.1",
        "minimalistic-assert": "^1.0.0",
        "safer-buffer": "^2.1.0"
      }
    },
    "bn.js": {
      "version": "4.12.0",
      "resolved": "https://artifactory.cathaypacific.com/artifactory/api/npm/npm-common/bn.js/-/bn.js-4.12.0.tgz",
      "integrity": "sha1-d1s/J477uXGO7HNh9IP7Nvu/6og="
    },
    "csv-parser": {
      "version": "3.0.0",
      "resolved": "https://artifactory.cathaypacific.com/artifactory/api/npm/npm-common/csv-parser/-/csv-parser-3.0.0.tgz",
      "integrity": "sha1-uIpiVteeCQqXobVkUfkyewHXEOc=",
      "requires": {
        "minimist": "^1.2.0"
      }
    },
    "inherits": {
      "version": "2.0.4",
      "resolved": "https://artifactory.cathaypacific.com/artifactory/api/npm/npm-common/inherits/-/inherits-2.0.4.tgz",
      "integrity": "sha1-D6LGT5MpF8NDOg3tVTY6rjdBa3w="
    },
    "minimalistic-assert": {
      "version": "1.0.1",
      "resolved": "https://artifactory.cathaypacific.com/artifactory/api/npm/npm-common/minimalistic-assert/-/minimalistic-assert-1.0.1.tgz",
      "integrity": "sha1-LhlN4ERibUoQ5/f7wAznPoPk1cc="
    },
    "minimist": {
      "version": "1.2.7",
      "resolved": "https://artifactory.cathaypacific.com/artifactory/api/npm/npm-common/minimist/-/minimist-1.2.7.tgz",
      "integrity": "sha1-2qHE2R9Qc5BDfGqLwBB45wAMTRg="
    },
    "openpgp": {
      "version": "5.5.0",
      "resolved": "https://artifactory.cathaypacific.com/artifactory/api/npm/npm-common/openpgp/-/openpgp-5.5.0.tgz",
      "integrity": "sha1-I1rlpJ1f2lz9HYLExCzZFDNHjBQ=",
      "requires": {
        "asn1.js": "^5.0.0"
      }
    },
    "safer-buffer": {
      "version": "2.1.2",
      "resolved": "https://artifactory.cathaypacific.com/artifactory/api/npm/npm-common/safer-buffer/-/safer-buffer-2.1.2.tgz",
      "integrity": "sha1-RPoWGwGHuVSd2Eu5GAL5vYOFzWo="
    }
  }
}
